
Microsoft Visual Studio Solution File, Format Version 12.00
# Visual Studio Version 17
VisualStudioVersion = 17.4.33403.182
MinimumVisualStudioVersion = 10.0.40219.1
Project("{FAE04EC0-301F-11D3-BF4B-00C04F79EFBC}") = "TestGit", "TestGit.csproj", "{BBA67844-BCCA-4BE5-B19B-600EB28AA1F8}"
EndProject
Global
	GlobalSection(SolutionConfigurationPlatforms) = preSolution
		Debug|Any CPU = Debug|Any CPU
		Release|Any CPU = Release|Any CPU
	EndGlobalSection
	GlobalSection(ProjectConfigurationPlatforms) = postSolution
		{BBA67844-BCCA-4BE5-B19B-600EB28AA1F8}.Debug|Any CPU.ActiveCfg = Debug|Any CPU
		{BBA67844-BCCA-4BE5-B19B-600EB28AA1F8}.Debug|Any CPU.Build.0 = Debug|Any CPU
		{BBA67844-BCCA-4BE5-B19B-600EB28AA1F8}.Release|Any CPU.ActiveCfg = Release|Any CPU
		{BBA67844-BCCA-4BE5-B19B-600EB28AA1F8}.Release|Any CPU.Build.0 = Release|Any CPU
	EndGlobalSection
	GlobalSection(SolutionProperties) = preSolution
		HideSolutionNode = FALSE
	EndGlobalSection
	GlobalSection(ExtensibilityGlobals) = postSolution
		SolutionGuid = {B0A14F39-1C29-43E9-B28B-C76774FA31C5}
	EndGlobalSection
EndGlobal
